// !$*UTF8*$!
{
	archiveVersion = 1;
	classes = {
	};
	objectVersion = 52;
	objects = {

/* Begin PBXBuildFile section */
		BB24F41226A3396300CF3AD7 /* DSPObject.swift in Sources */ = {isa = PBXBuildFile; fileRef = BB24F41126A3396300CF3AD7 /* DSPObject.swift */; };
		BB24F41426A34B5700CF3AD7 /* DSPNotification.swift in Sources */ = {isa = PBXBuildFile; fileRef = BB24F41326A34B5700CF3AD7 /* DSPNotification.swift */; };
		BB24F41626A3692700CF3AD7 /* Extentions.swift in Sources */ = {isa = PBXBuildFile; fileRef = BB24F41526A3692700CF3AD7 /* Extentions.swift */; };
		BB24F41826A36A8E00CF3AD7 /* FilterOV.swift in Sources */ = {isa = PBXBuildFile; fileRef = BB24F41726A36A8E00CF3AD7 /* FilterOV.swift */; };
		BB24F41A26A36BD700CF3AD7 /* OutputDeviceOV.swift in Sources */ = {isa = PBXBuildFile; fileRef = BB24F41926A36BD700CF3AD7 /* OutputDeviceOV.swift */; };
		BB24F41D26A36E2300CF3AD7 /* ObjectOVModifier.swift in Sources */ = {isa = PBXBuildFile; fileRef = BB24F41C26A36E2300CF3AD7 /* ObjectOVModifier.swift */; };
		BB24F41F26A3973C00CF3AD7 /* ConnectionManager.swift in Sources */ = {isa = PBXBuildFile; fileRef = BB24F41E26A3973C00CF3AD7 /* ConnectionManager.swift */; };
		BB24F42226A40E1200CF3AD7 /* AudioManager.swift in Sources */ = {isa = PBXBuildFile; fileRef = BB24F42126A40E1200CF3AD7 /* AudioManager.swift */; };
		BB24F42726A4390600CF3AD7 /* Inspector.swift in Sources */ = {isa = PBXBuildFile; fileRef = BB24F42626A4390600CF3AD7 /* Inspector.swift */; };
		BB24F42A26A46C2B00CF3AD7 /* TimeDomain.swift in Sources */ = {isa = PBXBuildFile; fileRef = BB24F42926A46C2B00CF3AD7 /* TimeDomain.swift */; };
		BB24F42D26A46E6100CF3AD7 /* AudioInspect.swift in Sources */ = {isa = PBXBuildFile; fileRef = BB24F42C26A46E6100CF3AD7 /* AudioInspect.swift */; };
		BB24F43026A4991000CF3AD7 /* AudioKitUI in Frameworks */ = {isa = PBXBuildFile; productRef = BB24F42F26A4991000CF3AD7 /* AudioKitUI */; };
		BB24F43326A5596600CF3AD7 /* AudioInspectPlayer.swift in Sources */ = {isa = PBXBuildFile; fileRef = BB24F43226A5596600CF3AD7 /* AudioInspectPlayer.swift */; };
		BB24F43526A55CE200CF3AD7 /* AudioModel.swift in Sources */ = {isa = PBXBuildFile; fileRef = BB24F43426A55CE200CF3AD7 /* AudioModel.swift */; };
		BB2726B426A1C371003BA560 /* DSP_PlaygroundApp.swift in Sources */ = {isa = PBXBuildFile; fileRef = BB2726B326A1C371003BA560 /* DSP_PlaygroundApp.swift */; };
		BB2726B626A1C371003BA560 /* ContentView.swift in Sources */ = {isa = PBXBuildFile; fileRef = BB2726B526A1C371003BA560 /* ContentView.swift */; };
		BB2726B826A1C375003BA560 /* Assets.xcassets in Resources */ = {isa = PBXBuildFile; fileRef = BB2726B726A1C375003BA560 /* Assets.xcassets */; };
		BB2726BB26A1C375003BA560 /* Preview Assets.xcassets in Resources */ = {isa = PBXBuildFile; fileRef = BB2726BA26A1C375003BA560 /* Preview Assets.xcassets */; };
		BB2726C726A1C375003BA560 /* DSP_PlaygroundTests.swift in Sources */ = {isa = PBXBuildFile; fileRef = BB2726C626A1C375003BA560 /* DSP_PlaygroundTests.swift */; };
		BB2726D226A1C375003BA560 /* DSP_PlaygroundUITests.swift in Sources */ = {isa = PBXBuildFile; fileRef = BB2726D126A1C375003BA560 /* DSP_PlaygroundUITests.swift */; };
		BB2726E226A1E18F003BA560 /* Home.swift in Sources */ = {isa = PBXBuildFile; fileRef = BB2726E126A1E18F003BA560 /* Home.swift */; };
		BB2726E426A1E196003BA560 /* Sidebar.swift in Sources */ = {isa = PBXBuildFile; fileRef = BB2726E326A1E196003BA560 /* Sidebar.swift */; };
		BB2726E726A2D114003BA560 /* AudioFileOV.swift in Sources */ = {isa = PBXBuildFile; fileRef = BB2726E626A2D114003BA560 /* AudioFileOV.swift */; };
		BB2726EB26A2D1BF003BA560 /* ObjectManager.swift in Sources */ = {isa = PBXBuildFile; fileRef = BB2726EA26A2D1BF003BA560 /* ObjectManager.swift */; };
		BB2726F026A2E776003BA560 /* ExtraTEST.swift in Sources */ = {isa = PBXBuildFile; fileRef = BB2726EF26A2E776003BA560 /* ExtraTEST.swift */; };
		BB2726F226A2F0A6003BA560 /* Objects.swift in Sources */ = {isa = PBXBuildFile; fileRef = BB2726F126A2F0A6003BA560 /* Objects.swift */; };
		BB2726F626A307CA003BA560 /* ObjectItem.swift in Sources */ = {isa = PBXBuildFile; fileRef = BB2726F526A307CA003BA560 /* ObjectItem.swift */; };
		BB2726F926A31470003BA560 /* SidebarItem.swift in Sources */ = {isa = PBXBuildFile; fileRef = BB2726F826A31470003BA560 /* SidebarItem.swift */; };
/* End PBXBuildFile section */

/* Begin PBXContainerItemProxy section */
		BB2726C326A1C375003BA560 /* PBXContainerItemProxy */ = {
			isa = PBXContainerItemProxy;
			containerPortal = BB2726A826A1C371003BA560 /* Project object */;
			proxyType = 1;
			remoteGlobalIDString = BB2726AF26A1C371003BA560;
			remoteInfo = "DSP Playground";
		};
		BB2726CE26A1C375003BA560 /* PBXContainerItemProxy */ = {
			isa = PBXContainerItemProxy;
			containerPortal = BB2726A826A1C371003BA560 /* Project object */;
			proxyType = 1;
			remoteGlobalIDString = BB2726AF26A1C371003BA560;
			remoteInfo = "DSP Playground";
		};
/* End PBXContainerItemProxy section */

/* Begin PBXFileReference section */
		BB24F41126A3396300CF3AD7 /* DSPObject.swift */ = {isa = PBXFileReference; lastKnownFileType = sourcecode.swift; path = DSPObject.swift; sourceTree = "<group>"; };
		BB24F41326A34B5700CF3AD7 /* DSPNotification.swift */ = {isa = PBXFileReference; lastKnownFileType = sourcecode.swift; path = DSPNotification.swift; sourceTree = "<group>"; };
		BB24F41526A3692700CF3AD7 /* Extentions.swift */ = {isa = PBXFileReference; lastKnownFileType = sourcecode.swift; path = Extentions.swift; sourceTree = "<group>"; };
		BB24F41726A36A8E00CF3AD7 /* FilterOV.swift */ = {isa = PBXFileReference; lastKnownFileType = sourcecode.swift; path = FilterOV.swift; sourceTree = "<group>"; };
		BB24F41926A36BD700CF3AD7 /* OutputDeviceOV.swift */ = {isa = PBXFileReference; lastKnownFileType = sourcecode.swift; path = OutputDeviceOV.swift; sourceTree = "<group>"; };
		BB24F41C26A36E2300CF3AD7 /* ObjectOVModifier.swift */ = {isa = PBXFileReference; lastKnownFileType = sourcecode.swift; path = ObjectOVModifier.swift; sourceTree = "<group>"; };
		BB24F41E26A3973C00CF3AD7 /* ConnectionManager.swift */ = {isa = PBXFileReference; lastKnownFileType = sourcecode.swift; path = ConnectionManager.swift; sourceTree = "<group>"; };
		BB24F42126A40E1200CF3AD7 /* AudioManager.swift */ = {isa = PBXFileReference; lastKnownFileType = sourcecode.swift; path = AudioManager.swift; sourceTree = "<group>"; };
		BB24F42626A4390600CF3AD7 /* Inspector.swift */ = {isa = PBXFileReference; lastKnownFileType = sourcecode.swift; path = Inspector.swift; sourceTree = "<group>"; };
		BB24F42926A46C2B00CF3AD7 /* TimeDomain.swift */ = {isa = PBXFileReference; lastKnownFileType = sourcecode.swift; path = TimeDomain.swift; sourceTree = "<group>"; };
		BB24F42C26A46E6100CF3AD7 /* AudioInspect.swift */ = {isa = PBXFileReference; lastKnownFileType = sourcecode.swift; path = AudioInspect.swift; sourceTree = "<group>"; };
		BB24F43226A5596600CF3AD7 /* AudioInspectPlayer.swift */ = {isa = PBXFileReference; lastKnownFileType = sourcecode.swift; path = AudioInspectPlayer.swift; sourceTree = "<group>"; };
		BB24F43426A55CE200CF3AD7 /* AudioModel.swift */ = {isa = PBXFileReference; lastKnownFileType = sourcecode.swift; path = AudioModel.swift; sourceTree = "<group>"; };
		BB2726B026A1C371003BA560 /* DSP Playground.app */ = {isa = PBXFileReference; explicitFileType = wrapper.application; includeInIndex = 0; path = "DSP Playground.app"; sourceTree = BUILT_PRODUCTS_DIR; };
		BB2726B326A1C371003BA560 /* DSP_PlaygroundApp.swift */ = {isa = PBXFileReference; lastKnownFileType = sourcecode.swift; path = DSP_PlaygroundApp.swift; sourceTree = "<group>"; };
		BB2726B526A1C371003BA560 /* ContentView.swift */ = {isa = PBXFileReference; lastKnownFileType = sourcecode.swift; path = ContentView.swift; sourceTree = "<group>"; };
		BB2726B726A1C375003BA560 /* Assets.xcassets */ = {isa = PBXFileReference; lastKnownFileType = folder.assetcatalog; path = Assets.xcassets; sourceTree = "<group>"; };
		BB2726BA26A1C375003BA560 /* Preview Assets.xcassets */ = {isa = PBXFileReference; lastKnownFileType = folder.assetcatalog; path = "Preview Assets.xcassets"; sourceTree = "<group>"; };
		BB2726BC26A1C375003BA560 /* Info.plist */ = {isa = PBXFileReference; lastKnownFileType = text.plist.xml; path = Info.plist; sourceTree = "<group>"; };
		BB2726BD26A1C375003BA560 /* DSP_Playground.entitlements */ = {isa = PBXFileReference; lastKnownFileType = text.plist.entitlements; path = DSP_Playground.entitlements; sourceTree = "<group>"; };
		BB2726C226A1C375003BA560 /* DSP PlaygroundTests.xctest */ = {isa = PBXFileReference; explicitFileType = wrapper.cfbundle; includeInIndex = 0; path = "DSP PlaygroundTests.xctest"; sourceTree = BUILT_PRODUCTS_DIR; };
		BB2726C626A1C375003BA560 /* DSP_PlaygroundTests.swift */ = {isa = PBXFileReference; lastKnownFileType = sourcecode.swift; path = DSP_PlaygroundTests.swift; sourceTree = "<group>"; };
		BB2726C826A1C375003BA560 /* Info.plist */ = {isa = PBXFileReference; lastKnownFileType = text.plist.xml; path = Info.plist; sourceTree = "<group>"; };
		BB2726CD26A1C375003BA560 /* DSP PlaygroundUITests.xctest */ = {isa = PBXFileReference; explicitFileType = wrapper.cfbundle; includeInIndex = 0; path = "DSP PlaygroundUITests.xctest"; sourceTree = BUILT_PRODUCTS_DIR; };
		BB2726D126A1C375003BA560 /* DSP_PlaygroundUITests.swift */ = {isa = PBXFileReference; lastKnownFileType = sourcecode.swift; path = DSP_PlaygroundUITests.swift; sourceTree = "<group>"; };
		BB2726D326A1C375003BA560 /* Info.plist */ = {isa = PBXFileReference; lastKnownFileType = text.plist.xml; path = Info.plist; sourceTree = "<group>"; };
		BB2726E126A1E18F003BA560 /* Home.swift */ = {isa = PBXFileReference; lastKnownFileType = sourcecode.swift; path = Home.swift; sourceTree = "<group>"; };
		BB2726E326A1E196003BA560 /* Sidebar.swift */ = {isa = PBXFileReference; lastKnownFileType = sourcecode.swift; path = Sidebar.swift; sourceTree = "<group>"; };
		BB2726E626A2D114003BA560 /* AudioFileOV.swift */ = {isa = PBXFileReference; lastKnownFileType = sourcecode.swift; path = AudioFileOV.swift; sourceTree = "<group>"; };
		BB2726EA26A2D1BF003BA560 /* ObjectManager.swift */ = {isa = PBXFileReference; lastKnownFileType = sourcecode.swift; path = ObjectManager.swift; sourceTree = "<group>"; };
		BB2726EF26A2E776003BA560 /* ExtraTEST.swift */ = {isa = PBXFileReference; lastKnownFileType = sourcecode.swift; path = ExtraTEST.swift; sourceTree = "<group>"; };
		BB2726F126A2F0A6003BA560 /* Objects.swift */ = {isa = PBXFileReference; lastKnownFileType = sourcecode.swift; path = Objects.swift; sourceTree = "<group>"; };
		BB2726F526A307CA003BA560 /* ObjectItem.swift */ = {isa = PBXFileReference; lastKnownFileType = sourcecode.swift; path = ObjectItem.swift; sourceTree = "<group>"; };
		BB2726F826A31470003BA560 /* SidebarItem.swift */ = {isa = PBXFileReference; lastKnownFileType = sourcecode.swift; path = SidebarItem.swift; sourceTree = "<group>"; };
/* End PBXFileReference section */

/* Begin PBXFrameworksBuildPhase section */
		BB2726AD26A1C371003BA560 /* Frameworks */ = {
			isa = PBXFrameworksBuildPhase;
			buildActionMask = 2147483647;
			files = (
				BB24F43026A4991000CF3AD7 /* AudioKitUI in Frameworks */,
			);
			runOnlyForDeploymentPostprocessing = 0;
		};
		BB2726BF26A1C375003BA560 /* Frameworks */ = {
			isa = PBXFrameworksBuildPhase;
			buildActionMask = 2147483647;
			files = (
			);
			runOnlyForDeploymentPostprocessing = 0;
		};
		BB2726CA26A1C375003BA560 /* Frameworks */ = {
			isa = PBXFrameworksBuildPhase;
			buildActionMask = 2147483647;
			files = (
			);
			runOnlyForDeploymentPostprocessing = 0;
		};
/* End PBXFrameworksBuildPhase section */

/* Begin PBXGroup section */
		BB24F41B26A36C7F00CF3AD7 /* ObjectViews */ = {
			isa = PBXGroup;
			children = (
				BB2726E626A2D114003BA560 /* AudioFileOV.swift */,
				BB24F41726A36A8E00CF3AD7 /* FilterOV.swift */,
				BB24F41926A36BD700CF3AD7 /* OutputDeviceOV.swift */,
				BB24F41C26A36E2300CF3AD7 /* ObjectOVModifier.swift */,
			);
			path = ObjectViews;
			sourceTree = "<group>";
		};
		BB24F42026A40E0400CF3AD7 /* Audio */ = {
			isa = PBXGroup;
			children = (
				BB24F42126A40E1200CF3AD7 /* AudioManager.swift */,
				BB24F43426A55CE200CF3AD7 /* AudioModel.swift */,
			);
			path = Audio;
			sourceTree = "<group>";
		};
		BB24F42826A46C1C00CF3AD7 /* Graph */ = {
			isa = PBXGroup;
			children = (
				BB24F42926A46C2B00CF3AD7 /* TimeDomain.swift */,
			);
			path = Graph;
			sourceTree = "<group>";
		};
		BB24F42B26A46E4A00CF3AD7 /* Inspector */ = {
			isa = PBXGroup;
			children = (
				BB24F43126A5594100CF3AD7 /* Audio */,
				BB24F42626A4390600CF3AD7 /* Inspector.swift */,
			);
			path = Inspector;
			sourceTree = "<group>";
		};
		BB24F43126A5594100CF3AD7 /* Audio */ = {
			isa = PBXGroup;
			children = (
				BB24F42C26A46E6100CF3AD7 /* AudioInspect.swift */,
				BB24F43226A5596600CF3AD7 /* AudioInspectPlayer.swift */,
			);
			path = Audio;
			sourceTree = "<group>";
		};
		BB2726A726A1C371003BA560 = {
			isa = PBXGroup;
			children = (
				BB2726B226A1C371003BA560 /* DSP Playground */,
				BB2726C526A1C375003BA560 /* DSP PlaygroundTests */,
				BB2726D026A1C375003BA560 /* DSP PlaygroundUITests */,
				BB2726B126A1C371003BA560 /* Products */,
			);
			sourceTree = "<group>";
		};
		BB2726B126A1C371003BA560 /* Products */ = {
			isa = PBXGroup;
			children = (
				BB2726B026A1C371003BA560 /* DSP Playground.app */,
				BB2726C226A1C375003BA560 /* DSP PlaygroundTests.xctest */,
				BB2726CD26A1C375003BA560 /* DSP PlaygroundUITests.xctest */,
			);
			name = Products;
			sourceTree = "<group>";
		};
		BB2726B226A1C371003BA560 /* DSP Playground */ = {
			isa = PBXGroup;
			children = (
				BB2726E826A2D199003BA560 /* Presenters */,
				BB2726DF26A1E17A003BA560 /* View */,
				BB2726B326A1C371003BA560 /* DSP_PlaygroundApp.swift */,
				BB2726B526A1C371003BA560 /* ContentView.swift */,
				BB2726B726A1C375003BA560 /* Assets.xcassets */,
				BB2726BC26A1C375003BA560 /* Info.plist */,
				BB2726BD26A1C375003BA560 /* DSP_Playground.entitlements */,
				BB2726B926A1C375003BA560 /* Preview Content */,
			);
			path = "DSP Playground";
			sourceTree = "<group>";
		};
		BB2726B926A1C375003BA560 /* Preview Content */ = {
			isa = PBXGroup;
			children = (
				BB2726BA26A1C375003BA560 /* Preview Assets.xcassets */,
			);
			path = "Preview Content";
			sourceTree = "<group>";
		};
		BB2726C526A1C375003BA560 /* DSP PlaygroundTests */ = {
			isa = PBXGroup;
			children = (
				BB2726C626A1C375003BA560 /* DSP_PlaygroundTests.swift */,
				BB2726C826A1C375003BA560 /* Info.plist */,
			);
			path = "DSP PlaygroundTests";
			sourceTree = "<group>";
		};
		BB2726D026A1C375003BA560 /* DSP PlaygroundUITests */ = {
			isa = PBXGroup;
			children = (
				BB2726D126A1C375003BA560 /* DSP_PlaygroundUITests.swift */,
				BB2726D326A1C375003BA560 /* Info.plist */,
			);
			path = "DSP PlaygroundUITests";
			sourceTree = "<group>";
		};
		BB2726DF26A1E17A003BA560 /* View */ = {
			isa = PBXGroup;
			children = (
				BB24F42B26A46E4A00CF3AD7 /* Inspector */,
				BB24F42826A46C1C00CF3AD7 /* Graph */,
				BB2726F726A3145F003BA560 /* Sidebar */,
				BB2726E526A2D0D5003BA560 /* Objects */,
				BB2726E126A1E18F003BA560 /* Home.swift */,
			);
			path = View;
			sourceTree = "<group>";
		};
		BB2726E526A2D0D5003BA560 /* Objects */ = {
			isa = PBXGroup;
			children = (
				BB24F41B26A36C7F00CF3AD7 /* ObjectViews */,
				BB2726F126A2F0A6003BA560 /* Objects.swift */,
				BB2726F526A307CA003BA560 /* ObjectItem.swift */,
			);
			path = Objects;
			sourceTree = "<group>";
		};
		BB2726E826A2D199003BA560 /* Presenters */ = {
			isa = PBXGroup;
			children = (
				BB24F42026A40E0400CF3AD7 /* Audio */,
				BB2726E926A2D1A6003BA560 /* Objects */,
				BB2726EF26A2E776003BA560 /* ExtraTEST.swift */,
				BB24F41326A34B5700CF3AD7 /* DSPNotification.swift */,
				BB24F41526A3692700CF3AD7 /* Extentions.swift */,
			);
			path = Presenters;
			sourceTree = "<group>";
		};
		BB2726E926A2D1A6003BA560 /* Objects */ = {
			isa = PBXGroup;
			children = (
				BB2726EA26A2D1BF003BA560 /* ObjectManager.swift */,
				BB24F41126A3396300CF3AD7 /* DSPObject.swift */,
				BB24F41E26A3973C00CF3AD7 /* ConnectionManager.swift */,
			);
			path = Objects;
			sourceTree = "<group>";
		};
		BB2726F726A3145F003BA560 /* Sidebar */ = {
			isa = PBXGroup;
			children = (
				BB2726E326A1E196003BA560 /* Sidebar.swift */,
				BB2726F826A31470003BA560 /* SidebarItem.swift */,
			);
			path = Sidebar;
			sourceTree = "<group>";
		};
/* End PBXGroup section */

/* Begin PBXNativeTarget section */
		BB2726AF26A1C371003BA560 /* DSP Playground */ = {
			isa = PBXNativeTarget;
			buildConfigurationList = BB2726D626A1C375003BA560 /* Build configuration list for PBXNativeTarget "DSP Playground" */;
			buildPhases = (
				BB2726AC26A1C371003BA560 /* Sources */,
				BB2726AD26A1C371003BA560 /* Frameworks */,
				BB2726AE26A1C371003BA560 /* Resources */,
			);
			buildRules = (
			);
			dependencies = (
			);
			name = "DSP Playground";
			packageProductDependencies = (
				BB24F42F26A4991000CF3AD7 /* AudioKitUI */,
			);
			productName = "DSP Playground";
			productReference = BB2726B026A1C371003BA560 /* DSP Playground.app */;
			productType = "com.apple.product-type.application";
		};
		BB2726C126A1C375003BA560 /* DSP PlaygroundTests */ = {
			isa = PBXNativeTarget;
			buildConfigurationList = BB2726D926A1C375003BA560 /* Build configuration list for PBXNativeTarget "DSP PlaygroundTests" */;
			buildPhases = (
				BB2726BE26A1C375003BA560 /* Sources */,
				BB2726BF26A1C375003BA560 /* Frameworks */,
				BB2726C026A1C375003BA560 /* Resources */,
			);
			buildRules = (
			);
			dependencies = (
				BB2726C426A1C375003BA560 /* PBXTargetDependency */,
			);
			name = "DSP PlaygroundTests";
			productName = "DSP PlaygroundTests";
			productReference = BB2726C226A1C375003BA560 /* DSP PlaygroundTests.xctest */;
			productType = "com.apple.product-type.bundle.unit-test";
		};
		BB2726CC26A1C375003BA560 /* DSP PlaygroundUITests */ = {
			isa = PBXNativeTarget;
			buildConfigurationList = BB2726DC26A1C375003BA560 /* Build configuration list for PBXNativeTarget "DSP PlaygroundUITests" */;
			buildPhases = (
				BB2726C926A1C375003BA560 /* Sources */,
				BB2726CA26A1C375003BA560 /* Frameworks */,
				BB2726CB26A1C375003BA560 /* Resources */,
			);
			buildRules = (
			);
			dependencies = (
				BB2726CF26A1C375003BA560 /* PBXTargetDependency */,
			);
			name = "DSP PlaygroundUITests";
			productName = "DSP PlaygroundUITests";
			productReference = BB2726CD26A1C375003BA560 /* DSP PlaygroundUITests.xctest */;
			productType = "com.apple.product-type.bundle.ui-testing";
		};
/* End PBXNativeTarget section */

/* Begin PBXProject section */
		BB2726A826A1C371003BA560 /* Project object */ = {
			isa = PBXProject;
			attributes = {
				LastSwiftUpdateCheck = 1250;
				LastUpgradeCheck = 1250;
				TargetAttributes = {
					BB2726AF26A1C371003BA560 = {
						CreatedOnToolsVersion = 12.5.1;
					};
					BB2726C126A1C375003BA560 = {
						CreatedOnToolsVersion = 12.5.1;
						TestTargetID = BB2726AF26A1C371003BA560;
					};
					BB2726CC26A1C375003BA560 = {
						CreatedOnToolsVersion = 12.5.1;
						TestTargetID = BB2726AF26A1C371003BA560;
					};
				};
			};
			buildConfigurationList = BB2726AB26A1C371003BA560 /* Build configuration list for PBXProject "DSP Playground" */;
			compatibilityVersion = "Xcode 9.3";
			developmentRegion = en;
			hasScannedForEncodings = 0;
			knownRegions = (
				en,
				Base,
			);
			mainGroup = BB2726A726A1C371003BA560;
			packageReferences = (
				BB24F42E26A4991000CF3AD7 /* XCRemoteSwiftPackageReference "AudioKitUI" */,
			);
			productRefGroup = BB2726B126A1C371003BA560 /* Products */;
			projectDirPath = "";
			projectRoot = "";
			targets = (
				BB2726AF26A1C371003BA560 /* DSP Playground */,
				BB2726C126A1C375003BA560 /* DSP PlaygroundTests */,
				BB2726CC26A1C375003BA560 /* DSP PlaygroundUITests */,
			);
		};
/* End PBXProject section */

/* Begin PBXResourcesBuildPhase section */
		BB2726AE26A1C371003BA560 /* Resources */ = {
			isa = PBXResourcesBuildPhase;
			buildActionMask = 2147483647;
			files = (
				BB2726BB26A1C375003BA560 /* Preview Assets.xcassets in Resources */,
				BB2726B826A1C375003BA560 /* Assets.xcassets in Resources */,
			);
			runOnlyForDeploymentPostprocessing = 0;
		};
		BB2726C026A1C375003BA560 /* Resources */ = {
			isa = PBXResourcesBuildPhase;
			buildActionMask = 2147483647;
			files = (
			);
			runOnlyForDeploymentPostprocessing = 0;
		};
		BB2726CB26A1C375003BA560 /* Resources */ = {
			isa = PBXResourcesBuildPhase;
			buildActionMask = 2147483647;
			files = (
			);
			runOnlyForDeploymentPostprocessing = 0;
		};
/* End PBXResourcesBuildPhase section */

/* Begin PBXSourcesBuildPhase section */
		BB2726AC26A1C371003BA560 /* Sources */ = {
			isa = PBXSourcesBuildPhase;
			buildActionMask = 2147483647;
			files = (
				BB24F43326A5596600CF3AD7 /* AudioInspectPlayer.swift in Sources */,
				BB24F41226A3396300CF3AD7 /* DSPObject.swift in Sources */,
				BB2726F626A307CA003BA560 /* ObjectItem.swift in Sources */,
				BB2726EB26A2D1BF003BA560 /* ObjectManager.swift in Sources */,
				BB24F41A26A36BD700CF3AD7 /* OutputDeviceOV.swift in Sources */,
				BB24F42D26A46E6100CF3AD7 /* AudioInspect.swift in Sources */,
				BB2726B626A1C371003BA560 /* ContentView.swift in Sources */,
				BB24F41826A36A8E00CF3AD7 /* FilterOV.swift in Sources */,
				BB24F42A26A46C2B00CF3AD7 /* TimeDomain.swift in Sources */,
				BB24F42226A40E1200CF3AD7 /* AudioManager.swift in Sources */,
				BB2726F226A2F0A6003BA560 /* Objects.swift in Sources */,
				BB2726F926A31470003BA560 /* SidebarItem.swift in Sources */,
				BB2726E726A2D114003BA560 /* AudioFileOV.swift in Sources */,
				BB24F43526A55CE200CF3AD7 /* AudioModel.swift in Sources */,
				BB24F42726A4390600CF3AD7 /* Inspector.swift in Sources */,
				BB2726F026A2E776003BA560 /* ExtraTEST.swift in Sources */,
				BB24F41626A3692700CF3AD7 /* Extentions.swift in Sources */,
				BB24F41426A34B5700CF3AD7 /* DSPNotification.swift in Sources */,
				BB24F41F26A3973C00CF3AD7 /* ConnectionManager.swift in Sources */,
				BB24F41D26A36E2300CF3AD7 /* ObjectOVModifier.swift in Sources */,
				BB2726E226A1E18F003BA560 /* Home.swift in Sources */,
				BB2726E426A1E196003BA560 /* Sidebar.swift in Sources */,
				BB2726B426A1C371003BA560 /* DSP_PlaygroundApp.swift in Sources */,
			);
			runOnlyForDeploymentPostprocessing = 0;
		};
		BB2726BE26A1C375003BA560 /* Sources */ = {
			isa = PBXSourcesBuildPhase;
			buildActionMask = 2147483647;
			files = (
				BB2726C726A1C375003BA560 /* DSP_PlaygroundTests.swift in Sources */,
			);
			runOnlyForDeploymentPostprocessing = 0;
		};
		BB2726C926A1C375003BA560 /* Sources */ = {
			isa = PBXSourcesBuildPhase;
			buildActionMask = 2147483647;
			files = (
				BB2726D226A1C375003BA560 /* DSP_PlaygroundUITests.swift in Sources */,
			);
			runOnlyForDeploymentPostprocessing = 0;
		};
/* End PBXSourcesBuildPhase section */

/* Begin PBXTargetDependency section */
		BB2726C426A1C375003BA560 /* PBXTargetDependency */ = {
			isa = PBXTargetDependency;
			target = BB2726AF26A1C371003BA560 /* DSP Playground */;
			targetProxy = BB2726C326A1C375003BA560 /* PBXContainerItemProxy */;
		};
		BB2726CF26A1C375003BA560 /* PBXTargetDependency */ = {
			isa = PBXTargetDependency;
			target = BB2726AF26A1C371003BA560 /* DSP Playground */;
			targetProxy = BB2726CE26A1C375003BA560 /* PBXContainerItemProxy */;
		};
/* End PBXTargetDependency section */

/* Begin XCBuildConfiguration section */
		BB2726D426A1C375003BA560 /* Debug */ = {
			isa = XCBuildConfiguration;
			buildSettings = {
				ALWAYS_SEARCH_USER_PATHS = NO;
				CLANG_ANALYZER_NONNULL = YES;
				CLANG_ANALYZER_NUMBER_OBJECT_CONVERSION = YES_AGGRESSIVE;
				CLANG_CXX_LANGUAGE_STANDARD = "gnu++14";
				CLANG_CXX_LIBRARY = "libc++";
				CLANG_ENABLE_MODULES = YES;
				CLANG_ENABLE_OBJC_ARC = YES;
				CLANG_ENABLE_OBJC_WEAK = YES;
				CLANG_WARN_BLOCK_CAPTURE_AUTORELEASING = YES;
				CLANG_WARN_BOOL_CONVERSION = YES;
				CLANG_WARN_COMMA = YES;
				CLANG_WARN_CONSTANT_CONVERSION = YES;
				CLANG_WARN_DEPRECATED_OBJC_IMPLEMENTATIONS = YES;
				CLANG_WARN_DIRECT_OBJC_ISA_USAGE = YES_ERROR;
				CLANG_WARN_DOCUMENTATION_COMMENTS = YES;
				CLANG_WARN_EMPTY_BODY = YES;
				CLANG_WARN_ENUM_CONVERSION = YES;
				CLANG_WARN_INFINITE_RECURSION = YES;
				CLANG_WARN_INT_CONVERSION = YES;
				CLANG_WARN_NON_LITERAL_NULL_CONVERSION = YES;
				CLANG_WARN_OBJC_IMPLICIT_RETAIN_SELF = YES;
				CLANG_WARN_OBJC_LITERAL_CONVERSION = YES;
				CLANG_WARN_OBJC_ROOT_CLASS = YES_ERROR;
				CLANG_WARN_QUOTED_INCLUDE_IN_FRAMEWORK_HEADER = YES;
				CLANG_WARN_RANGE_LOOP_ANALYSIS = YES;
				CLANG_WARN_STRICT_PROTOTYPES = YES;
				CLANG_WARN_SUSPICIOUS_MOVE = YES;
				CLANG_WARN_UNGUARDED_AVAILABILITY = YES_AGGRESSIVE;
				CLANG_WARN_UNREACHABLE_CODE = YES;
				CLANG_WARN__DUPLICATE_METHOD_MATCH = YES;
				COPY_PHASE_STRIP = NO;
				DEBUG_INFORMATION_FORMAT = dwarf;
				ENABLE_STRICT_OBJC_MSGSEND = YES;
				ENABLE_TESTABILITY = YES;
				GCC_C_LANGUAGE_STANDARD = gnu11;
				GCC_DYNAMIC_NO_PIC = NO;
				GCC_NO_COMMON_BLOCKS = YES;
				GCC_OPTIMIZATION_LEVEL = 0;
				GCC_PREPROCESSOR_DEFINITIONS = (
					"DEBUG=1",
					"$(inherited)",
				);
				GCC_WARN_64_TO_32_BIT_CONVERSION = YES;
				GCC_WARN_ABOUT_RETURN_TYPE = YES_ERROR;
				GCC_WARN_UNDECLARED_SELECTOR = YES;
				GCC_WARN_UNINITIALIZED_AUTOS = YES_AGGRESSIVE;
				GCC_WARN_UNUSED_FUNCTION = YES;
				GCC_WARN_UNUSED_VARIABLE = YES;
				MACOSX_DEPLOYMENT_TARGET = 11.3;
				MTL_ENABLE_DEBUG_INFO = INCLUDE_SOURCE;
				MTL_FAST_MATH = YES;
				ONLY_ACTIVE_ARCH = YES;
				SDKROOT = macosx;
				SWIFT_ACTIVE_COMPILATION_CONDITIONS = DEBUG;
				SWIFT_OPTIMIZATION_LEVEL = "-Onone";
			};
			name = Debug;
		};
		BB2726D526A1C375003BA560 /* Release */ = {
			isa = XCBuildConfiguration;
			buildSettings = {
				ALWAYS_SEARCH_USER_PATHS = NO;
				CLANG_ANALYZER_NONNULL = YES;
				CLANG_ANALYZER_NUMBER_OBJECT_CONVERSION = YES_AGGRESSIVE;
				CLANG_CXX_LANGUAGE_STANDARD = "gnu++14";
				CLANG_CXX_LIBRARY = "libc++";
				CLANG_ENABLE_MODULES = YES;
				CLANG_ENABLE_OBJC_ARC = YES;
				CLANG_ENABLE_OBJC_WEAK = YES;
				CLANG_WARN_BLOCK_CAPTURE_AUTORELEASING = YES;
				CLANG_WARN_BOOL_CONVERSION = YES;
				CLANG_WARN_COMMA = YES;
				CLANG_WARN_CONSTANT_CONVERSION = YES;
				CLANG_WARN_DEPRECATED_OBJC_IMPLEMENTATIONS = YES;
				CLANG_WARN_DIRECT_OBJC_ISA_USAGE = YES_ERROR;
				CLANG_WARN_DOCUMENTATION_COMMENTS = YES;
				CLANG_WARN_EMPTY_BODY = YES;
				CLANG_WARN_ENUM_CONVERSION = YES;
				CLANG_WARN_INFINITE_RECURSION = YES;
				CLANG_WARN_INT_CONVERSION = YES;
				CLANG_WARN_NON_LITERAL_NULL_CONVERSION = YES;
				CLANG_WARN_OBJC_IMPLICIT_RETAIN_SELF = YES;
				CLANG_WARN_OBJC_LITERAL_CONVERSION = YES;
				CLANG_WARN_OBJC_ROOT_CLASS = YES_ERROR;
				CLANG_WARN_QUOTED_INCLUDE_IN_FRAMEWORK_HEADER = YES;
				CLANG_WARN_RANGE_LOOP_ANALYSIS = YES;
				CLANG_WARN_STRICT_PROTOTYPES = YES;
				CLANG_WARN_SUSPICIOUS_MOVE = YES;
				CLANG_WARN_UNGUARDED_AVAILABILITY = YES_AGGRESSIVE;
				CLANG_WARN_UNREACHABLE_CODE = YES;
				CLANG_WARN__DUPLICATE_METHOD_MATCH = YES;
				COPY_PHASE_STRIP = NO;
				DEBUG_INFORMATION_FORMAT = "dwarf-with-dsym";
				ENABLE_NS_ASSERTIONS = NO;
				ENABLE_STRICT_OBJC_MSGSEND = YES;
				GCC_C_LANGUAGE_STANDARD = gnu11;
				GCC_NO_COMMON_BLOCKS = YES;
				GCC_WARN_64_TO_32_BIT_CONVERSION = YES;
				GCC_WARN_ABOUT_RETURN_TYPE = YES_ERROR;
				GCC_WARN_UNDECLARED_SELECTOR = YES;
				GCC_WARN_UNINITIALIZED_AUTOS = YES_AGGRESSIVE;
				GCC_WARN_UNUSED_FUNCTION = YES;
				GCC_WARN_UNUSED_VARIABLE = YES;
				MACOSX_DEPLOYMENT_TARGET = 11.3;
				MTL_ENABLE_DEBUG_INFO = NO;
				MTL_FAST_MATH = YES;
				SDKROOT = macosx;
				SWIFT_COMPILATION_MODE = wholemodule;
				SWIFT_OPTIMIZATION_LEVEL = "-O";
			};
			name = Release;
		};
		BB2726D726A1C375003BA560 /* Debug */ = {
			isa = XCBuildConfiguration;
			buildSettings = {
				ASSETCATALOG_COMPILER_APPICON_NAME = AppIcon;
				ASSETCATALOG_COMPILER_GLOBAL_ACCENT_COLOR_NAME = AccentColor;
				CODE_SIGN_ENTITLEMENTS = "DSP Playground/DSP_Playground.entitlements";
				CODE_SIGN_STYLE = Automatic;
				COMBINE_HIDPI_IMAGES = YES;
				DEVELOPMENT_ASSET_PATHS = "\"DSP Playground/Preview Content\"";
				DEVELOPMENT_TEAM = 9RU52AC58E;
				ENABLE_HARDENED_RUNTIME = YES;
				ENABLE_PREVIEWS = YES;
				INFOPLIST_FILE = "DSP Playground/Info.plist";
				LD_RUNPATH_SEARCH_PATHS = (
					"$(inherited)",
					"@executable_path/../Frameworks",
				);
				MACOSX_DEPLOYMENT_TARGET = 11.0;
				PRODUCT_BUNDLE_IDENTIFIER = studio.arata.DSPPlayground;
				PRODUCT_NAME = "$(TARGET_NAME)";
				SWIFT_VERSION = 5.0;
			};
			name = Debug;
		};
		BB2726D826A1C375003BA560 /* Release */ = {
			isa = XCBuildConfiguration;
			buildSettings = {
				ASSETCATALOG_COMPILER_APPICON_NAME = AppIcon;
				ASSETCATALOG_COMPILER_GLOBAL_ACCENT_COLOR_NAME = AccentColor;
				CODE_SIGN_ENTITLEMENTS = "DSP Playground/DSP_Playground.entitlements";
				CODE_SIGN_STYLE = Automatic;
				COMBINE_HIDPI_IMAGES = YES;
				DEVELOPMENT_ASSET_PATHS = "\"DSP Playground/Preview Content\"";
				DEVELOPMENT_TEAM = 9RU52AC58E;
				ENABLE_HARDENED_RUNTIME = YES;
				ENABLE_PREVIEWS = YES;
				INFOPLIST_FILE = "DSP Playground/Info.plist";
				LD_RUNPATH_SEARCH_PATHS = (
					"$(inherited)",
					"@executable_path/../Frameworks",
				);
				MACOSX_DEPLOYMENT_TARGET = 11.0;
				PRODUCT_BUNDLE_IDENTIFIER = studio.arata.DSPPlayground;
				PRODUCT_NAME = "$(TARGET_NAME)";
				SWIFT_VERSION = 5.0;
			};
			name = Release;
		};
		BB2726DA26A1C375003BA560 /* Debug */ = {
			isa = XCBuildConfiguration;
			buildSettings = {
				ALWAYS_EMBED_SWIFT_STANDARD_LIBRARIES = YES;
				BUNDLE_LOADER = "$(TEST_HOST)";
				CODE_SIGN_STYLE = Automatic;
				COMBINE_HIDPI_IMAGES = YES;
				DEVELOPMENT_TEAM = 9RU52AC58E;
				INFOPLIST_FILE = "DSP PlaygroundTests/Info.plist";
				LD_RUNPATH_SEARCH_PATHS = (
					"$(inherited)",
					"@executable_path/../Frameworks",
					"@loader_path/../Frameworks",
				);
				MACOSX_DEPLOYMENT_TARGET = 11.0;
				PRODUCT_BUNDLE_IDENTIFIER = "studio.arata.DSP-PlaygroundTests";
				PRODUCT_NAME = "$(TARGET_NAME)";
				SWIFT_VERSION = 5.0;
				TEST_HOST = "$(BUILT_PRODUCTS_DIR)/DSP Playground.app/Contents/MacOS/DSP Playground";
			};
			name = Debug;
		};
		BB2726DB26A1C375003BA560 /* Release */ = {
			isa = XCBuildConfiguration;
			buildSettings = {
				ALWAYS_EMBED_SWIFT_STANDARD_LIBRARIES = YES;
				BUNDLE_LOADER = "$(TEST_HOST)";
				CODE_SIGN_STYLE = Automatic;
				COMBINE_HIDPI_IMAGES = YES;
				DEVELOPMENT_TEAM = 9RU52AC58E;
				INFOPLIST_FILE = "DSP PlaygroundTests/Info.plist";
				LD_RUNPATH_SEARCH_PATHS = (
					"$(inherited)",
					"@executable_path/../Frameworks",
					"@loader_path/../Frameworks",
				);
				MACOSX_DEPLOYMENT_TARGET = 11.0;
				PRODUCT_BUNDLE_IDENTIFIER = "studio.arata.DSP-PlaygroundTests";
				PRODUCT_NAME = "$(TARGET_NAME)";
				SWIFT_VERSION = 5.0;
				TEST_HOST = "$(BUILT_PRODUCTS_DIR)/DSP Playground.app/Contents/MacOS/DSP Playground";
			};
			name = Release;
		};
		BB2726DD26A1C375003BA560 /* Debug */ = {
			isa = XCBuildConfiguration;
			buildSettings = {
				ALWAYS_EMBED_SWIFT_STANDARD_LIBRARIES = YES;
				CODE_SIGN_STYLE = Automatic;
				COMBINE_HIDPI_IMAGES = YES;
				DEVELOPMENT_TEAM = 9RU52AC58E;
				INFOPLIST_FILE = "DSP PlaygroundUITests/Info.plist";
				LD_RUNPATH_SEARCH_PATHS = (
					"$(inherited)",
					"@executable_path/../Frameworks",
					"@loader_path/../Frameworks",
				);
				PRODUCT_BUNDLE_IDENTIFIER = "studio.arata.DSP-PlaygroundUITests";
				PRODUCT_NAME = "$(TARGET_NAME)";
				SWIFT_VERSION = 5.0;
				TEST_TARGET_NAME = "DSP Playground";
			};
			name = Debug;
		};
		BB2726DE26A1C375003BA560 /* Release */ = {
			isa = XCBuildConfiguration;
			buildSettings = {
				ALWAYS_EMBED_SWIFT_STANDARD_LIBRARIES = YES;
				CODE_SIGN_STYLE = Automatic;
				COMBINE_HIDPI_IMAGES = YES;
				DEVELOPMENT_TEAM = 9RU52AC58E;
				INFOPLIST_FILE = "DSP PlaygroundUITests/Info.plist";
				LD_RUNPATH_SEARCH_PATHS = (
					"$(inherited)",
					"@executable_path/../Frameworks",
					"@loader_path/../Frameworks",
				);
				PRODUCT_BUNDLE_IDENTIFIER = "studio.arata.DSP-PlaygroundUITests";
				PRODUCT_NAME = "$(TARGET_NAME)";
				SWIFT_VERSION = 5.0;
				TEST_TARGET_NAME = "DSP Playground";
			};
			name = Release;
		};
/* End XCBuildConfiguration section */

/* Begin XCConfigurationList section */
		BB2726AB26A1C371003BA560 /* Build configuration list for PBXProject "DSP Playground" */ = {
			isa = XCConfigurationList;
			buildConfigurations = (
				BB2726D426A1C375003BA560 /* Debug */,
				BB2726D526A1C375003BA560 /* Release */,
			);
			defaultConfigurationIsVisible = 0;
			defaultConfigurationName = Release;
		};
		BB2726D626A1C375003BA560 /* Build configuration list for PBXNativeTarget "DSP Playground" */ = {
			isa = XCConfigurationList;
			buildConfigurations = (
				BB2726D726A1C375003BA560 /* Debug */,
				BB2726D826A1C375003BA560 /* Release */,
			);
			defaultConfigurationIsVisible = 0;
			defaultConfigurationName = Release;
		};
		BB2726D926A1C375003BA560 /* Build configuration list for PBXNativeTarget "DSP PlaygroundTests" */ = {
			isa = XCConfigurationList;
			buildConfigurations = (
				BB2726DA26A1C375003BA560 /* Debug */,
				BB2726DB26A1C375003BA560 /* Release */,
			);
			defaultConfigurationIsVisible = 0;
			defaultConfigurationName = Release;
		};
		BB2726DC26A1C375003BA560 /* Build configuration list for PBXNativeTarget "DSP PlaygroundUITests" */ = {
			isa = XCConfigurationList;
			buildConfigurations = (
				BB2726DD26A1C375003BA560 /* Debug */,
				BB2726DE26A1C375003BA560 /* Release */,
			);
			defaultConfigurationIsVisible = 0;
			defaultConfigurationName = Release;
		};
/* End XCConfigurationList section */

/* Begin XCRemoteSwiftPackageReference section */
		BB24F42E26A4991000CF3AD7 /* XCRemoteSwiftPackageReference "AudioKitUI" */ = {
			isa = XCRemoteSwiftPackageReference;
			repositoryURL = "https://github.com/AudioKit/AudioKitUI";
			requirement = {
				branch = main;
				kind = branch;
			};
		};
/* End XCRemoteSwiftPackageReference section */

/* Begin XCSwiftPackageProductDependency section */
		BB24F42F26A4991000CF3AD7 /* AudioKitUI */ = {
			isa = XCSwiftPackageProductDependency;
			package = BB24F42E26A4991000CF3AD7 /* XCRemoteSwiftPackageReference "AudioKitUI" */;
			productName = AudioKitUI;
		};
/* End XCSwiftPackageProductDependency section */
	};
	rootObject = BB2726A826A1C371003BA560 /* Project object */;
}
